
Microsoft Visual Studio Solution File, Format Version 12.00
# Visual Studio Version 17
VisualStudioVersion = 17.3.32901.215
MinimumVisualStudioVersion = 10.0.40219.1
Project("{FAE04EC0-301F-11D3-BF4B-00C04F79EFBC}") = "AddressBookUsingADO.Net", "AddressBookUsingADO.Net\AddressBookUsingADO.Net.csproj", "{5E43D063-1C30-41D1-A903-352779B91580}"
EndProject
Global
	GlobalSection(SolutionConfigurationPlatforms) = preSolution
		Debug|Any CPU = Debug|Any CPU
		Release|Any CPU = Release|Any CPU
	EndGlobalSection
	GlobalSection(ProjectConfigurationPlatforms) = postSolution
		{5E43D063-1C30-41D1-A903-352779B91580}.Debug|Any CPU.ActiveCfg = Debug|Any CPU
		{5E43D063-1C30-41D1-A903-352779B91580}.Debug|Any CPU.Build.0 = Debug|Any CPU
		{5E43D063-1C30-41D1-A903-352779B91580}.Release|Any CPU.ActiveCfg = Release|Any CPU
		{5E43D063-1C30-41D1-A903-352779B91580}.Release|Any CPU.Build.0 = Release|Any CPU
	EndGlobalSection
	GlobalSection(SolutionProperties) = preSolution
		HideSolutionNode = FALSE
	EndGlobalSection
	GlobalSection(ExtensibilityGlobals) = postSolution
		SolutionGuid = {78CA2F42-E9AA-4146-BC3D-E17E805D4CC8}
	EndGlobalSection
EndGlobal
